
Microsoft Visual Studio Solution File, Format Version 12.00
# Visual Studio Version 17
VisualStudioVersion = 17.7.34031.279
MinimumVisualStudioVersion = 10.0.40219.1
Project("{FAE04EC0-301F-11D3-BF4B-00C04F79EFBC}") = "SP_Lab2", "SP_Lab2\SP_Lab2.csproj", "{3C92A823-E29B-4DEC-BA4C-6F489317FEB1}"
EndProject
Global
	GlobalSection(SolutionConfigurationPlatforms) = preSolution
		Debug|Any CPU = Debug|Any CPU
		Release|Any CPU = Release|Any CPU
	EndGlobalSection
	GlobalSection(ProjectConfigurationPlatforms) = postSolution
		{3C92A823-E29B-4DEC-BA4C-6F489317FEB1}.Debug|Any CPU.ActiveCfg = Debug|Any CPU
		{3C92A823-E29B-4DEC-BA4C-6F489317FEB1}.Debug|Any CPU.Build.0 = Debug|Any CPU
		{3C92A823-E29B-4DEC-BA4C-6F489317FEB1}.Release|Any CPU.ActiveCfg = Release|Any CPU
		{3C92A823-E29B-4DEC-BA4C-6F489317FEB1}.Release|Any CPU.Build.0 = Release|Any CPU
	EndGlobalSection
	GlobalSection(SolutionProperties) = preSolution
		HideSolutionNode = FALSE
	EndGlobalSection
	GlobalSection(ExtensibilityGlobals) = postSolution
		SolutionGuid = {26A17009-6CCD-4FCF-BEE2-328AA0980269}
	EndGlobalSection
EndGlobal
